
Microsoft Visual Studio Solution File, Format Version 12.00
# Visual Studio Version 17
VisualStudioVersion = 17.2.32526.322
MinimumVisualStudioVersion = 10.0.40219.1
Project("{FAE04EC0-301F-11D3-BF4B-00C04F79EFBC}") = "class01-I06", "class01-I06\class01-I06.csproj", "{1D72F3C7-31BE-4E0A-831C-B54614BB18C8}"
EndProject
Global
	GlobalSection(SolutionConfigurationPlatforms) = preSolution
		Debug|Any CPU = Debug|Any CPU
		Release|Any CPU = Release|Any CPU
	EndGlobalSection
	GlobalSection(ProjectConfigurationPlatforms) = postSolution
		{1D72F3C7-31BE-4E0A-831C-B54614BB18C8}.Debug|Any CPU.ActiveCfg = Debug|Any CPU
		{1D72F3C7-31BE-4E0A-831C-B54614BB18C8}.Debug|Any CPU.Build.0 = Debug|Any CPU
		{1D72F3C7-31BE-4E0A-831C-B54614BB18C8}.Release|Any CPU.ActiveCfg = Release|Any CPU
		{1D72F3C7-31BE-4E0A-831C-B54614BB18C8}.Release|Any CPU.Build.0 = Release|Any CPU
	EndGlobalSection
	GlobalSection(SolutionProperties) = preSolution
		HideSolutionNode = FALSE
	EndGlobalSection
	GlobalSection(ExtensibilityGlobals) = postSolution
		SolutionGuid = {93ECBFC9-C24D-470A-848C-028DC442F533}
	EndGlobalSection
EndGlobal
