
Microsoft Visual Studio Solution File, Format Version 12.00
# Visual Studio Version 17
VisualStudioVersion = 17.2.32526.322
MinimumVisualStudioVersion = 10.0.40219.1
Project("{FAE04EC0-301F-11D3-BF4B-00C04F79EFBC}") = "class01-exI03", "class01-exI03\class01-exI03.csproj", "{616AEF62-4A27-4C69-B900-8F2BA59CE11C}"
EndProject
Global
	GlobalSection(SolutionConfigurationPlatforms) = preSolution
		Debug|Any CPU = Debug|Any CPU
		Release|Any CPU = Release|Any CPU
	EndGlobalSection
	GlobalSection(ProjectConfigurationPlatforms) = postSolution
		{616AEF62-4A27-4C69-B900-8F2BA59CE11C}.Debug|Any CPU.ActiveCfg = Debug|Any CPU
		{616AEF62-4A27-4C69-B900-8F2BA59CE11C}.Debug|Any CPU.Build.0 = Debug|Any CPU
		{616AEF62-4A27-4C69-B900-8F2BA59CE11C}.Release|Any CPU.ActiveCfg = Release|Any CPU
		{616AEF62-4A27-4C69-B900-8F2BA59CE11C}.Release|Any CPU.Build.0 = Release|Any CPU
	EndGlobalSection
	GlobalSection(SolutionProperties) = preSolution
		HideSolutionNode = FALSE
	EndGlobalSection
	GlobalSection(ExtensibilityGlobals) = postSolution
		SolutionGuid = {24E3D580-8A04-41AC-A988-6A0DB60A3B06}
	EndGlobalSection
EndGlobal
