
Microsoft Visual Studio Solution File, Format Version 12.00
# Visual Studio Version 17
VisualStudioVersion = 17.2.32526.322
MinimumVisualStudioVersion = 10.0.40219.1
Project("{FAE04EC0-301F-11D3-BF4B-00C04F79EFBC}") = "class02-exI07", "class02-exI07\class02-exI07.csproj", "{0CEA1AA4-E1A6-4647-A1D4-4CF4FE901E68}"
EndProject
Global
	GlobalSection(SolutionConfigurationPlatforms) = preSolution
		Debug|Any CPU = Debug|Any CPU
		Release|Any CPU = Release|Any CPU
	EndGlobalSection
	GlobalSection(ProjectConfigurationPlatforms) = postSolution
		{0CEA1AA4-E1A6-4647-A1D4-4CF4FE901E68}.Debug|Any CPU.ActiveCfg = Debug|Any CPU
		{0CEA1AA4-E1A6-4647-A1D4-4CF4FE901E68}.Debug|Any CPU.Build.0 = Debug|Any CPU
		{0CEA1AA4-E1A6-4647-A1D4-4CF4FE901E68}.Release|Any CPU.ActiveCfg = Release|Any CPU
		{0CEA1AA4-E1A6-4647-A1D4-4CF4FE901E68}.Release|Any CPU.Build.0 = Release|Any CPU
	EndGlobalSection
	GlobalSection(SolutionProperties) = preSolution
		HideSolutionNode = FALSE
	EndGlobalSection
	GlobalSection(ExtensibilityGlobals) = postSolution
		SolutionGuid = {5BBD3A10-A38B-4B04-B7E0-EAC4D2068612}
	EndGlobalSection
EndGlobal
