
Microsoft Visual Studio Solution File, Format Version 12.00
# Visual Studio Version 17
VisualStudioVersion = 17.2.32526.322
MinimumVisualStudioVersion = 10.0.40219.1
Project("{FAE04EC0-301F-11D3-BF4B-00C04F79EFBC}") = "class03-exI02", "class03-exI02\class03-exI02.csproj", "{69FE1ABA-E632-4850-B2EC-00149D5E76B6}"
EndProject
Project("{FAE04EC0-301F-11D3-BF4B-00C04F79EFBC}") = "Biblioteca", "Biblioteca\Biblioteca.csproj", "{94030C38-C73E-4652-ABB8-83EC05B9CAA8}"
EndProject
Global
	GlobalSection(SolutionConfigurationPlatforms) = preSolution
		Debug|Any CPU = Debug|Any CPU
		Release|Any CPU = Release|Any CPU
	EndGlobalSection
	GlobalSection(ProjectConfigurationPlatforms) = postSolution
		{69FE1ABA-E632-4850-B2EC-00149D5E76B6}.Debug|Any CPU.ActiveCfg = Debug|Any CPU
		{69FE1ABA-E632-4850-B2EC-00149D5E76B6}.Debug|Any CPU.Build.0 = Debug|Any CPU
		{69FE1ABA-E632-4850-B2EC-00149D5E76B6}.Release|Any CPU.ActiveCfg = Release|Any CPU
		{69FE1ABA-E632-4850-B2EC-00149D5E76B6}.Release|Any CPU.Build.0 = Release|Any CPU
		{94030C38-C73E-4652-ABB8-83EC05B9CAA8}.Debug|Any CPU.ActiveCfg = Debug|Any CPU
		{94030C38-C73E-4652-ABB8-83EC05B9CAA8}.Debug|Any CPU.Build.0 = Debug|Any CPU
		{94030C38-C73E-4652-ABB8-83EC05B9CAA8}.Release|Any CPU.ActiveCfg = Release|Any CPU
		{94030C38-C73E-4652-ABB8-83EC05B9CAA8}.Release|Any CPU.Build.0 = Release|Any CPU
	EndGlobalSection
	GlobalSection(SolutionProperties) = preSolution
		HideSolutionNode = FALSE
	EndGlobalSection
	GlobalSection(ExtensibilityGlobals) = postSolution
		SolutionGuid = {FDADB611-BF1B-4084-9F4C-F2FF5E924C67}
	EndGlobalSection
EndGlobal
