
Microsoft Visual Studio Solution File, Format Version 12.00
# Visual Studio Version 17
VisualStudioVersion = 17.2.32526.322
MinimumVisualStudioVersion = 10.0.40219.1
Project("{FAE04EC0-301F-11D3-BF4B-00C04F79EFBC}") = "class02-exI04", "class02-exI04\class02-exI04.csproj", "{32C51BFB-134D-48A6-AF27-B85BC2783F43}"
EndProject
Global
	GlobalSection(SolutionConfigurationPlatforms) = preSolution
		Debug|Any CPU = Debug|Any CPU
		Release|Any CPU = Release|Any CPU
	EndGlobalSection
	GlobalSection(ProjectConfigurationPlatforms) = postSolution
		{32C51BFB-134D-48A6-AF27-B85BC2783F43}.Debug|Any CPU.ActiveCfg = Debug|Any CPU
		{32C51BFB-134D-48A6-AF27-B85BC2783F43}.Debug|Any CPU.Build.0 = Debug|Any CPU
		{32C51BFB-134D-48A6-AF27-B85BC2783F43}.Release|Any CPU.ActiveCfg = Release|Any CPU
		{32C51BFB-134D-48A6-AF27-B85BC2783F43}.Release|Any CPU.Build.0 = Release|Any CPU
	EndGlobalSection
	GlobalSection(SolutionProperties) = preSolution
		HideSolutionNode = FALSE
	EndGlobalSection
	GlobalSection(ExtensibilityGlobals) = postSolution
		SolutionGuid = {8D9E48E0-74F9-4CD9-A18C-C1AA09C60AE0}
	EndGlobalSection
EndGlobal
