
Microsoft Visual Studio Solution File, Format Version 12.00
# Visual Studio Version 17
VisualStudioVersion = 17.2.32526.322
MinimumVisualStudioVersion = 10.0.40219.1
Project("{FAE04EC0-301F-11D3-BF4B-00C04F79EFBC}") = "class02-exI08", "class02-exI08\class02-exI08.csproj", "{BDDAC825-8242-4A7D-9041-59ECF748FED7}"
EndProject
Global
	GlobalSection(SolutionConfigurationPlatforms) = preSolution
		Debug|Any CPU = Debug|Any CPU
		Release|Any CPU = Release|Any CPU
	EndGlobalSection
	GlobalSection(ProjectConfigurationPlatforms) = postSolution
		{BDDAC825-8242-4A7D-9041-59ECF748FED7}.Debug|Any CPU.ActiveCfg = Debug|Any CPU
		{BDDAC825-8242-4A7D-9041-59ECF748FED7}.Debug|Any CPU.Build.0 = Debug|Any CPU
		{BDDAC825-8242-4A7D-9041-59ECF748FED7}.Release|Any CPU.ActiveCfg = Release|Any CPU
		{BDDAC825-8242-4A7D-9041-59ECF748FED7}.Release|Any CPU.Build.0 = Release|Any CPU
	EndGlobalSection
	GlobalSection(SolutionProperties) = preSolution
		HideSolutionNode = FALSE
	EndGlobalSection
	GlobalSection(ExtensibilityGlobals) = postSolution
		SolutionGuid = {43EE0BC5-99A6-40D7-9559-DDFEA6F6584F}
	EndGlobalSection
EndGlobal
