
Microsoft Visual Studio Solution File, Format Version 12.00
# Visual Studio Version 17
VisualStudioVersion = 17.2.32526.322
MinimumVisualStudioVersion = 10.0.40219.1
Project("{FAE04EC0-301F-11D3-BF4B-00C04F79EFBC}") = "class01-exI07", "class01-exI07\class01-exI07.csproj", "{29F3BF81-AD1D-4109-9747-301F718B200E}"
EndProject
Global
	GlobalSection(SolutionConfigurationPlatforms) = preSolution
		Debug|Any CPU = Debug|Any CPU
		Release|Any CPU = Release|Any CPU
	EndGlobalSection
	GlobalSection(ProjectConfigurationPlatforms) = postSolution
		{29F3BF81-AD1D-4109-9747-301F718B200E}.Debug|Any CPU.ActiveCfg = Debug|Any CPU
		{29F3BF81-AD1D-4109-9747-301F718B200E}.Debug|Any CPU.Build.0 = Debug|Any CPU
		{29F3BF81-AD1D-4109-9747-301F718B200E}.Release|Any CPU.ActiveCfg = Release|Any CPU
		{29F3BF81-AD1D-4109-9747-301F718B200E}.Release|Any CPU.Build.0 = Release|Any CPU
	EndGlobalSection
	GlobalSection(SolutionProperties) = preSolution
		HideSolutionNode = FALSE
	EndGlobalSection
	GlobalSection(ExtensibilityGlobals) = postSolution
		SolutionGuid = {90B13553-1CA5-40EC-B116-76BBAA55004B}
	EndGlobalSection
EndGlobal
